
Microsoft Visual Studio Solution File, Format Version 12.00
# Visual Studio Version 18
VisualStudioVersion = 18.4.11626.88 stable
MinimumVisualStudioVersion = 10.0.40219.1
Project("{2150E333-8FDC-42A3-9474-1A3956D46DE8}") = "integration", "integration", "{823D4020-332D-2C13-F261-6F510F11A57E}"
EndProject
Project("{FAE04EC0-301F-11D3-BF4B-00C04F79EFBC}") = "ProjectWithReferenceContainingFileLicense", "integration\ProjectWithReferenceContainingFileLicense\ProjectWithReferenceContainingFileLicense.csproj", "{9004D472-6B17-255F-9BBE-3315532D92B4}"
EndProject
Project("{FAE04EC0-301F-11D3-BF4B-00C04F79EFBC}") = "ProjectWithReferenceContainingLicenseExpression", "integration\ProjectWithReferenceContainingLicenseExpression\ProjectWithReferenceContainingLicenseExpression.csproj", "{6B439AB8-DF75-4C55-A61C-E9D6A39AA744}"
EndProject
Project("{FAE04EC0-301F-11D3-BF4B-00C04F79EFBC}") = "ProjectWithReferenceContainingWindowsSpecificPath", "integration\ProjectWithReferenceContainingWindowsSpecificPath\ProjectWithReferenceContainingWindowsSpecificPath.csproj", "{70DA7262-B953-F20A-B58A-FA9EB7AF849B}"
EndProject
Project("{2150E333-8FDC-42A3-9474-1A3956D46DE8}") = "Solution Items", "Solution Items", "{089100B1-113F-4E66-888A-E83F3999EAFD}"
	ProjectSection(SolutionItems) = preProject
		.editorconfig = .editorconfig
		.globalconfig = .globalconfig
		global.json = global.json
		README.md = README.md
	EndProjectSection
EndProject
Project("{2150E333-8FDC-42A3-9474-1A3956D46DE8}") = "src", "src", "{827E0CD3-B72D-47B6-A68D-7590B98EB39B}"
EndProject
Project("{FAE04EC0-301F-11D3-BF4B-00C04F79EFBC}") = "FileLicenseMatcher", "src\FileLicenseMatcher\FileLicenseMatcher.csproj", "{8F1DD9CC-60FE-9363-1191-381423A51517}"
EndProject
Project("{FAE04EC0-301F-11D3-BF4B-00C04F79EFBC}") = "NuGetLicense", "src\NuGetLicense\NuGetLicense.csproj", "{FF734A3F-B1D2-D1FD-6B2E-88E23893CC8A}"
EndProject
Project("{FAE04EC0-301F-11D3-BF4B-00C04F79EFBC}") = "NuGetLicenseCore", "src\NuGetLicenseCore\NuGetLicenseCore.csproj", "{AB5996CA-7552-666C-E440-B6261EED9A89}"
EndProject
Project("{FAE04EC0-301F-11D3-BF4B-00C04F79EFBC}") = "NuGetLicenseFramework", "src\NuGetLicenseFramework\NuGetLicenseFramework.csproj", "{909D242D-BF2E-BAF6-C034-DDB704A65D46}"
EndProject
Project("{FAE04EC0-301F-11D3-BF4B-00C04F79EFBC}") = "NuGetUtility", "src\NuGetUtility\NuGetUtility.csproj", "{A277004A-4E9D-4E7A-8270-5DF72B44A426}"
EndProject
Project("{2150E333-8FDC-42A3-9474-1A3956D46DE8}") = "tests", "tests", "{0AB3BF05-4346-4AA6-1389-037BE0695223}"
EndProject
Project("{FAE04EC0-301F-11D3-BF4B-00C04F79EFBC}") = "FileLicenseMatcher.Test", "tests\FileLicenseMatcher.Test\FileLicenseMatcher.Test.csproj", "{A0E0D347-8BEE-0177-815B-4045469F442C}"
EndProject
Project("{FAE04EC0-301F-11D3-BF4B-00C04F79EFBC}") = "NuGetLicense.Test", "tests\NuGetLicense.Test\NuGetLicense.Test.csproj", "{8A851E79-B8B9-BBA9-EA1D-6B231163093B}"
EndProject
Project("{FAE04EC0-301F-11D3-BF4B-00C04F79EFBC}") = "NuGetUtility.Test.Extensions", "tests\NuGetUtility.Test.Extensions\NuGetUtility.Test.Extensions.csproj", "{9980365E-926C-51CE-070A-FF18B33CD9F7}"
EndProject
Project("{FAE04EC0-301F-11D3-BF4B-00C04F79EFBC}") = "NuGetUtility.Test", "tests\NuGetUtility.Test\NuGetUtility.Test.csproj", "{A76426B6-73B7-1983-06CF-E05E79341A1D}"
EndProject
Project("{FAE04EC0-301F-11D3-BF4B-00C04F79EFBC}") = "NuGetUtility.UrlToLicenseMapping.Test", "tests\NuGetUtility.UrlToLicenseMapping.Test\NuGetUtility.UrlToLicenseMapping.Test.csproj", "{B6E9C64B-6AE3-A70C-5910-817FCEC7F962}"
EndProject
Project("{2150E333-8FDC-42A3-9474-1A3956D46DE8}") = "targets", "targets", "{B4C66CBD-571F-0685-D8EF-97E576F878C9}"
EndProject
Project("{8BC9CEB8-8B4A-11D0-8D11-00A0C91BC942}") = "EmptyCppProject", "tests\targets\EmptyCppProject\EmptyCppProject.vcxproj", "{9B107A91-87F9-420C-ADF8-732C77DAFB93}"
EndProject
Project("{FAE04EC0-301F-11D3-BF4B-00C04F79EFBC}") = "MultiTargetProjectWithDifferentDependencies", "tests\targets\MultiTargetProjectWithDifferentDependencies\MultiTargetProjectWithDifferentDependencies.csproj", "{104B0802-1CCC-BF84-9CE0-3C91D99555A7}"
EndProject
Project("{FAE04EC0-301F-11D3-BF4B-00C04F79EFBC}") = "PackageReferenceProject", "tests\targets\PackageReferenceProject\PackageReferenceProject.csproj", "{F6A594E4-7929-2823-C907-C31439197DB4}"
EndProject
Project("{FAE04EC0-301F-11D3-BF4B-00C04F79EFBC}") = "PackagesConfigProject", "tests\targets\PackagesConfigProject\PackagesConfigProject.csproj", "{BBB24A05-8A1F-4840-8C70-BEFE3F0B8F5D}"
EndProject
Project("{FAE04EC0-301F-11D3-BF4B-00C04F79EFBC}") = "ProjectWithoutNugetReferences", "tests\targets\ProjectWithoutNugetReferences\ProjectWithoutNugetReferences.csproj", "{665F6812-BD66-D32D-2F22-B1EC6C5D1F75}"
EndProject
Project("{FAE04EC0-301F-11D3-BF4B-00C04F79EFBC}") = "ProjectWithTransitiveNuget", "tests\targets\ProjectWithTransitiveNuget\ProjectWithTransitiveNuget.csproj", "{2FABC52B-5F4E-F5B9-3E23-442FD0712103}"
EndProject
Project("{FAE04EC0-301F-11D3-BF4B-00C04F79EFBC}") = "ProjectWithTransitiveReferences", "tests\targets\ProjectWithTransitiveReferences\ProjectWithTransitiveReferences.csproj", "{21A22820-62B5-C46F-D3F6-3C63D0304C8B}"
EndProject
Project("{8BC9CEB8-8B4A-11D0-8D11-00A0C91BC942}") = "SimpleCppProject", "tests\targets\SimpleCppProject\SimpleCppProject.vcxproj", "{380FBD90-2CF0-4F83-A58E-EB98CE2EAE15}"
EndProject
Project("{FAE04EC0-301F-11D3-BF4B-00C04F79EFBC}") = "VersionRangesProject", "tests\targets\VersionRangesProject\VersionRangesProject.csproj", "{FCE3A417-4316-7F84-E4CD-52B61EF13BA0}"
EndProject
Global
	GlobalSection(SolutionConfigurationPlatforms) = preSolution
		Debug|Any CPU = Debug|Any CPU
		Debug|x64 = Debug|x64
		Debug|x86 = Debug|x86
		Release|Any CPU = Release|Any CPU
		Release|x64 = Release|x64
		Release|x86 = Release|x86
		TestWindows|Any CPU = TestWindows|Any CPU
		TestWindows|x64 = TestWindows|x64
		TestWindows|x86 = TestWindows|x86
	EndGlobalSection
	GlobalSection(ProjectConfigurationPlatforms) = postSolution
		{9004D472-6B17-255F-9BBE-3315532D92B4}.Debug|Any CPU.ActiveCfg = Debug|Any CPU
		{9004D472-6B17-255F-9BBE-3315532D92B4}.Debug|Any CPU.Build.0 = Debug|Any CPU
		{9004D472-6B17-255F-9BBE-3315532D92B4}.Debug|x64.ActiveCfg = Debug|Any CPU
		{9004D472-6B17-255F-9BBE-3315532D92B4}.Debug|x64.Build.0 = Debug|Any CPU
		{9004D472-6B17-255F-9BBE-3315532D92B4}.Debug|x86.ActiveCfg = Debug|Any CPU
		{9004D472-6B17-255F-9BBE-3315532D92B4}.Debug|x86.Build.0 = Debug|Any CPU
		{9004D472-6B17-255F-9BBE-3315532D92B4}.Release|Any CPU.ActiveCfg = Release|Any CPU
		{9004D472-6B17-255F-9BBE-3315532D92B4}.Release|Any CPU.Build.0 = Release|Any CPU
		{9004D472-6B17-255F-9BBE-3315532D92B4}.Release|x64.ActiveCfg = Release|Any CPU
		{9004D472-6B17-255F-9BBE-3315532D92B4}.Release|x64.Build.0 = Release|Any CPU
		{9004D472-6B17-255F-9BBE-3315532D92B4}.Release|x86.ActiveCfg = Release|Any CPU
		{9004D472-6B17-255F-9BBE-3315532D92B4}.Release|x86.Build.0 = Release|Any CPU
		{9004D472-6B17-255F-9BBE-3315532D92B4}.TestWindows|Any CPU.ActiveCfg = Release|Any CPU
		{9004D472-6B17-255F-9BBE-3315532D92B4}.TestWindows|Any CPU.Build.0 = Release|Any CPU
		{9004D472-6B17-255F-9BBE-3315532D92B4}.TestWindows|x64.ActiveCfg = Release|Any CPU
		{9004D472-6B17-255F-9BBE-3315532D92B4}.TestWindows|x64.Build.0 = Release|Any CPU
		{9004D472-6B17-255F-9BBE-3315532D92B4}.TestWindows|x86.ActiveCfg = Release|Any CPU
		{9004D472-6B17-255F-9BBE-3315532D92B4}.TestWindows|x86.Build.0 = Release|Any CPU
		{6B439AB8-DF75-4C55-A61C-E9D6A39AA744}.Debug|Any CPU.ActiveCfg = Debug|Any CPU
		{6B439AB8-DF75-4C55-A61C-E9D6A39AA744}.Debug|Any CPU.Build.0 = Debug|Any CPU
		{6B439AB8-DF75-4C55-A61C-E9D6A39AA744}.Debug|x64.ActiveCfg = Debug|Any CPU
		{6B439AB8-DF75-4C55-A61C-E9D6A39AA744}.Debug|x64.Build.0 = Debug|Any CPU
		{6B439AB8-DF75-4C55-A61C-E9D6A39AA744}.Debug|x86.ActiveCfg = Debug|Any CPU
		{6B439AB8-DF75-4C55-A61C-E9D6A39AA744}.Debug|x86.Build.0 = Debug|Any CPU
		{6B439AB8-DF75-4C55-A61C-E9D6A39AA744}.Release|Any CPU.ActiveCfg = Release|Any CPU
		{6B439AB8-DF75-4C55-A61C-E9D6A39AA744}.Release|Any CPU.Build.0 = Release|Any CPU
		{6B439AB8-DF75-4C55-A61C-E9D6A39AA744}.Release|x64.ActiveCfg = Release|Any CPU
		{6B439AB8-DF75-4C55-A61C-E9D6A39AA744}.Release|x64.Build.0 = Release|Any CPU
		{6B439AB8-DF75-4C55-A61C-E9D6A39AA744}.Release|x86.ActiveCfg = Release|Any CPU
		{6B439AB8-DF75-4C55-A61C-E9D6A39AA744}.Release|x86.Build.0 = Release|Any CPU
		{6B439AB8-DF75-4C55-A61C-E9D6A39AA744}.TestWindows|Any CPU.ActiveCfg = TestWindows|Any CPU
		{6B439AB8-DF75-4C55-A61C-E9D6A39AA744}.TestWindows|Any CPU.Build.0 = TestWindows|Any CPU
		{6B439AB8-DF75-4C55-A61C-E9D6A39AA744}.TestWindows|x64.ActiveCfg = TestWindows|Any CPU
		{6B439AB8-DF75-4C55-A61C-E9D6A39AA744}.TestWindows|x64.Build.0 = TestWindows|Any CPU
		{6B439AB8-DF75-4C55-A61C-E9D6A39AA744}.TestWindows|x86.ActiveCfg = TestWindows|Any CPU
		{6B439AB8-DF75-4C55-A61C-E9D6A39AA744}.TestWindows|x86.Build.0 = TestWindows|Any CPU
		{70DA7262-B953-F20A-B58A-FA9EB7AF849B}.Debug|Any CPU.ActiveCfg = Debug|Any CPU
		{70DA7262-B953-F20A-B58A-FA9EB7AF849B}.Debug|Any CPU.Build.0 = Debug|Any CPU
		{70DA7262-B953-F20A-B58A-FA9EB7AF849B}.Debug|x64.ActiveCfg = Debug|Any CPU
		{70DA7262-B953-F20A-B58A-FA9EB7AF849B}.Debug|x64.Build.0 = Debug|Any CPU
		{70DA7262-B953-F20A-B58A-FA9EB7AF849B}.Debug|x86.ActiveCfg = Debug|Any CPU
		{70DA7262-B953-F20A-B58A-FA9EB7AF849B}.Debug|x86.Build.0 = Debug|Any CPU
		{70DA7262-B953-F20A-B58A-FA9EB7AF849B}.Release|Any CPU.ActiveCfg = Release|Any CPU
		{70DA7262-B953-F20A-B58A-FA9EB7AF849B}.Release|Any CPU.Build.0 = Release|Any CPU
		{70DA7262-B953-F20A-B58A-FA9EB7AF849B}.Release|x64.ActiveCfg = Release|Any CPU
		{70DA7262-B953-F20A-B58A-FA9EB7AF849B}.Release|x64.Build.0 = Release|Any CPU
		{70DA7262-B953-F20A-B58A-FA9EB7AF849B}.Release|x86.ActiveCfg = Release|Any CPU
		{70DA7262-B953-F20A-B58A-FA9EB7AF849B}.Release|x86.Build.0 = Release|Any CPU
		{70DA7262-B953-F20A-B58A-FA9EB7AF849B}.TestWindows|Any CPU.ActiveCfg = Release|Any CPU
		{70DA7262-B953-F20A-B58A-FA9EB7AF849B}.TestWindows|Any CPU.Build.0 = Release|Any CPU
		{70DA7262-B953-F20A-B58A-FA9EB7AF849B}.TestWindows|x64.ActiveCfg = Release|Any CPU
		{70DA7262-B953-F20A-B58A-FA9EB7AF849B}.TestWindows|x64.Build.0 = Release|Any CPU
		{70DA7262-B953-F20A-B58A-FA9EB7AF849B}.TestWindows|x86.ActiveCfg = Release|Any CPU
		{70DA7262-B953-F20A-B58A-FA9EB7AF849B}.TestWindows|x86.Build.0 = Release|Any CPU
		{8F1DD9CC-60FE-9363-1191-381423A51517}.Debug|Any CPU.ActiveCfg = Debug|Any CPU
		{8F1DD9CC-60FE-9363-1191-381423A51517}.Debug|Any CPU.Build.0 = Debug|Any CPU
		{8F1DD9CC-60FE-9363-1191-381423A51517}.Debug|x64.ActiveCfg = Debug|Any CPU
		{8F1DD9CC-60FE-9363-1191-381423A51517}.Debug|x64.Build.0 = Debug|Any CPU
		{8F1DD9CC-60FE-9363-1191-381423A51517}.Debug|x86.ActiveCfg = Debug|Any CPU
		{8F1DD9CC-60FE-9363-1191-381423A51517}.Debug|x86.Build.0 = Debug|Any CPU
		{8F1DD9CC-60FE-9363-1191-381423A51517}.Release|Any CPU.ActiveCfg = Release|Any CPU
		{8F1DD9CC-60FE-9363-1191-381423A51517}.Release|Any CPU.Build.0 = Release|Any CPU
		{8F1DD9CC-60FE-9363-1191-381423A51517}.Release|x64.ActiveCfg = Release|Any CPU
		{8F1DD9CC-60FE-9363-1191-381423A51517}.Release|x64.Build.0 = Release|Any CPU
		{8F1DD9CC-60FE-9363-1191-381423A51517}.Release|x86.ActiveCfg = Release|Any CPU
		{8F1DD9CC-60FE-9363-1191-381423A51517}.Release|x86.Build.0 = Release|Any CPU
		{8F1DD9CC-60FE-9363-1191-381423A51517}.TestWindows|Any CPU.ActiveCfg = TestWindows|Any CPU
		{8F1DD9CC-60FE-9363-1191-381423A51517}.TestWindows|Any CPU.Build.0 = TestWindows|Any CPU
		{8F1DD9CC-60FE-9363-1191-381423A51517}.TestWindows|x64.ActiveCfg = TestWindows|Any CPU
		{8F1DD9CC-60FE-9363-1191-381423A51517}.TestWindows|x64.Build.0 = TestWindows|Any CPU
		{8F1DD9CC-60FE-9363-1191-381423A51517}.TestWindows|x86.ActiveCfg = TestWindows|Any CPU
		{8F1DD9CC-60FE-9363-1191-381423A51517}.TestWindows|x86.Build.0 = TestWindows|Any CPU
		{FF734A3F-B1D2-D1FD-6B2E-88E23893CC8A}.Debug|Any CPU.ActiveCfg = Debug|Any CPU
		{FF734A3F-B1D2-D1FD-6B2E-88E23893CC8A}.Debug|Any CPU.Build.0 = Debug|Any CPU
		{FF734A3F-B1D2-D1FD-6B2E-88E23893CC8A}.Debug|x64.ActiveCfg = Debug|Any CPU
		{FF734A3F-B1D2-D1FD-6B2E-88E23893CC8A}.Debug|x64.Build.0 = Debug|Any CPU
		{FF734A3F-B1D2-D1FD-6B2E-88E23893CC8A}.Debug|x86.ActiveCfg = Debug|Any CPU
		{FF734A3F-B1D2-D1FD-6B2E-88E23893CC8A}.Debug|x86.Build.0 = Debug|Any CPU
		{FF734A3F-B1D2-D1FD-6B2E-88E23893CC8A}.Release|Any CPU.ActiveCfg = Release|Any CPU
		{FF734A3F-B1D2-D1FD-6B2E-88E23893CC8A}.Release|Any CPU.Build.0 = Release|Any CPU
		{FF734A3F-B1D2-D1FD-6B2E-88E23893CC8A}.Release|x64.ActiveCfg = Release|Any CPU
		{FF734A3F-B1D2-D1FD-6B2E-88E23893CC8A}.Release|x64.Build.0 = Release|Any CPU
		{FF734A3F-B1D2-D1FD-6B2E-88E23893CC8A}.Release|x86.ActiveCfg = Release|Any CPU
		{FF734A3F-B1D2-D1FD-6B2E-88E23893CC8A}.Release|x86.Build.0 = Release|Any CPU
		{FF734A3F-B1D2-D1FD-6B2E-88E23893CC8A}.TestWindows|Any CPU.ActiveCfg = Release|Any CPU
		{FF734A3F-B1D2-D1FD-6B2E-88E23893CC8A}.TestWindows|Any CPU.Build.0 = Release|Any CPU
		{FF734A3F-B1D2-D1FD-6B2E-88E23893CC8A}.TestWindows|x64.ActiveCfg = Release|Any CPU
		{FF734A3F-B1D2-D1FD-6B2E-88E23893CC8A}.TestWindows|x64.Build.0 = Release|Any CPU
		{FF734A3F-B1D2-D1FD-6B2E-88E23893CC8A}.TestWindows|x86.ActiveCfg = Release|Any CPU
		{FF734A3F-B1D2-D1FD-6B2E-88E23893CC8A}.TestWindows|x86.Build.0 = Release|Any CPU
		{AB5996CA-7552-666C-E440-B6261EED9A89}.Debug|Any CPU.ActiveCfg = Debug|Any CPU
		{AB5996CA-7552-666C-E440-B6261EED9A89}.Debug|Any CPU.Build.0 = Debug|Any CPU
		{AB5996CA-7552-666C-E440-B6261EED9A89}.Debug|x64.ActiveCfg = Debug|Any CPU
		{AB5996CA-7552-666C-E440-B6261EED9A89}.Debug|x64.Build.0 = Debug|Any CPU
		{AB5996CA-7552-666C-E440-B6261EED9A89}.Debug|x86.ActiveCfg = Debug|Any CPU
		{AB5996CA-7552-666C-E440-B6261EED9A89}.Debug|x86.Build.0 = Debug|Any CPU
		{AB5996CA-7552-666C-E440-B6261EED9A89}.Release|Any CPU.ActiveCfg = Release|Any CPU
		{AB5996CA-7552-666C-E440-B6261EED9A89}.Release|Any CPU.Build.0 = Release|Any CPU
		{AB5996CA-7552-666C-E440-B6261EED9A89}.Release|x64.ActiveCfg = Release|Any CPU
		{AB5996CA-7552-666C-E440-B6261EED9A89}.Release|x64.Build.0 = Release|Any CPU
		{AB5996CA-7552-666C-E440-B6261EED9A89}.Release|x86.ActiveCfg = Release|Any CPU
		{AB5996CA-7552-666C-E440-B6261EED9A89}.Release|x86.Build.0 = Release|Any CPU
		{AB5996CA-7552-666C-E440-B6261EED9A89}.TestWindows|Any CPU.ActiveCfg = Release|Any CPU
		{AB5996CA-7552-666C-E440-B6261EED9A89}.TestWindows|Any CPU.Build.0 = Release|Any CPU
		{AB5996CA-7552-666C-E440-B6261EED9A89}.TestWindows|x64.ActiveCfg = Release|Any CPU
		{AB5996CA-7552-666C-E440-B6261EED9A89}.TestWindows|x64.Build.0 = Release|Any CPU
		{AB5996CA-7552-666C-E440-B6261EED9A89}.TestWindows|x86.ActiveCfg = Release|Any CPU
		{AB5996CA-7552-666C-E440-B6261EED9A89}.TestWindows|x86.Build.0 = Release|Any CPU
		{909D242D-BF2E-BAF6-C034-DDB704A65D46}.Debug|Any CPU.ActiveCfg = Debug|Any CPU
		{909D242D-BF2E-BAF6-C034-DDB704A65D46}.Debug|Any CPU.Build.0 = Debug|Any CPU
		{909D242D-BF2E-BAF6-C034-DDB704A65D46}.Debug|x64.ActiveCfg = Debug|Any CPU
		{909D242D-BF2E-BAF6-C034-DDB704A65D46}.Debug|x64.Build.0 = Debug|Any CPU
		{909D242D-BF2E-BAF6-C034-DDB704A65D46}.Debug|x86.ActiveCfg = Debug|Any CPU
		{909D242D-BF2E-BAF6-C034-DDB704A65D46}.Debug|x86.Build.0 = Debug|Any CPU
		{909D242D-BF2E-BAF6-C034-DDB704A65D46}.Release|Any CPU.ActiveCfg = Release|Any CPU
		{909D242D-BF2E-BAF6-C034-DDB704A65D46}.Release|Any CPU.Build.0 = Release|Any CPU
		{909D242D-BF2E-BAF6-C034-DDB704A65D46}.Release|x64.ActiveCfg = Release|Any CPU
		{909D242D-BF2E-BAF6-C034-DDB704A65D46}.Release|x64.Build.0 = Release|Any CPU
		{909D242D-BF2E-BAF6-C034-DDB704A65D46}.Release|x86.ActiveCfg = Release|Any CPU
		{909D242D-BF2E-BAF6-C034-DDB704A65D46}.Release|x86.Build.0 = Release|Any CPU
		{909D242D-BF2E-BAF6-C034-DDB704A65D46}.TestWindows|Any CPU.ActiveCfg = Release|Any CPU
		{909D242D-BF2E-BAF6-C034-DDB704A65D46}.TestWindows|Any CPU.Build.0 = Release|Any CPU
		{909D242D-BF2E-BAF6-C034-DDB704A65D46}.TestWindows|x64.ActiveCfg = Release|Any CPU
		{909D242D-BF2E-BAF6-C034-DDB704A65D46}.TestWindows|x64.Build.0 = Release|Any CPU
		{909D242D-BF2E-BAF6-C034-DDB704A65D46}.TestWindows|x86.ActiveCfg = Release|Any CPU
		{909D242D-BF2E-BAF6-C034-DDB704A65D46}.TestWindows|x86.Build.0 = Release|Any CPU
		{A277004A-4E9D-4E7A-8270-5DF72B44A426}.Debug|Any CPU.ActiveCfg = Debug|Any CPU
		{A277004A-4E9D-4E7A-8270-5DF72B44A426}.Debug|Any CPU.Build.0 = Debug|Any CPU
		{A277004A-4E9D-4E7A-8270-5DF72B44A426}.Debug|x64.ActiveCfg = Debug|Any CPU
		{A277004A-4E9D-4E7A-8270-5DF72B44A426}.Debug|x64.Build.0 = Debug|Any CPU
		{A277004A-4E9D-4E7A-8270-5DF72B44A426}.Debug|x86.ActiveCfg = Debug|Any CPU
		{A277004A-4E9D-4E7A-8270-5DF72B44A426}.Debug|x86.Build.0 = Debug|Any CPU
		{A277004A-4E9D-4E7A-8270-5DF72B44A426}.Release|Any CPU.ActiveCfg = Release|Any CPU
		{A277004A-4E9D-4E7A-8270-5DF72B44A426}.Release|Any CPU.Build.0 = Release|Any CPU
		{A277004A-4E9D-4E7A-8270-5DF72B44A426}.Release|x64.ActiveCfg = Release|Any CPU
		{A277004A-4E9D-4E7A-8270-5DF72B44A426}.Release|x64.Build.0 = Release|Any CPU
		{A277004A-4E9D-4E7A-8270-5DF72B44A426}.Release|x86.ActiveCfg = Release|Any CPU
		{A277004A-4E9D-4E7A-8270-5DF72B44A426}.Release|x86.Build.0 = Release|Any CPU
		{A277004A-4E9D-4E7A-8270-5DF72B44A426}.TestWindows|Any CPU.ActiveCfg = TestWindows|Any CPU
		{A277004A-4E9D-4E7A-8270-5DF72B44A426}.TestWindows|Any CPU.Build.0 = TestWindows|Any CPU
		{A277004A-4E9D-4E7A-8270-5DF72B44A426}.TestWindows|x64.ActiveCfg = TestWindows|Any CPU
		{A277004A-4E9D-4E7A-8270-5DF72B44A426}.TestWindows|x64.Build.0 = TestWindows|Any CPU
		{A277004A-4E9D-4E7A-8270-5DF72B44A426}.TestWindows|x86.ActiveCfg = TestWindows|Any CPU
		{A277004A-4E9D-4E7A-8270-5DF72B44A426}.TestWindows|x86.Build.0 = TestWindows|Any CPU
		{A0E0D347-8BEE-0177-815B-4045469F442C}.Debug|Any CPU.ActiveCfg = Debug|Any CPU
		{A0E0D347-8BEE-0177-815B-4045469F442C}.Debug|Any CPU.Build.0 = Debug|Any CPU
		{A0E0D347-8BEE-0177-815B-4045469F442C}.Debug|x64.ActiveCfg = Debug|Any CPU
		{A0E0D347-8BEE-0177-815B-4045469F442C}.Debug|x64.Build.0 = Debug|Any CPU
		{A0E0D347-8BEE-0177-815B-4045469F442C}.Debug|x86.ActiveCfg = Debug|Any CPU
		{A0E0D347-8BEE-0177-815B-4045469F442C}.Debug|x86.Build.0 = Debug|Any CPU
		{A0E0D347-8BEE-0177-815B-4045469F442C}.Release|Any CPU.ActiveCfg = Release|Any CPU
		{A0E0D347-8BEE-0177-815B-4045469F442C}.Release|Any CPU.Build.0 = Release|Any CPU
		{A0E0D347-8BEE-0177-815B-4045469F442C}.Release|x64.ActiveCfg = Release|Any CPU
		{A0E0D347-8BEE-0177-815B-4045469F442C}.Release|x64.Build.0 = Release|Any CPU
		{A0E0D347-8BEE-0177-815B-4045469F442C}.Release|x86.ActiveCfg = Release|Any CPU
		{A0E0D347-8BEE-0177-815B-4045469F442C}.Release|x86.Build.0 = Release|Any CPU
		{A0E0D347-8BEE-0177-815B-4045469F442C}.TestWindows|Any CPU.ActiveCfg = TestWindows|Any CPU
		{A0E0D347-8BEE-0177-815B-4045469F442C}.TestWindows|Any CPU.Build.0 = TestWindows|Any CPU
		{A0E0D347-8BEE-0177-815B-4045469F442C}.TestWindows|x64.ActiveCfg = TestWindows|Any CPU
		{A0E0D347-8BEE-0177-815B-4045469F442C}.TestWindows|x64.Build.0 = TestWindows|Any CPU
		{A0E0D347-8BEE-0177-815B-4045469F442C}.TestWindows|x86.ActiveCfg = TestWindows|Any CPU
		{A0E0D347-8BEE-0177-815B-4045469F442C}.TestWindows|x86.Build.0 = TestWindows|Any CPU
		{8A851E79-B8B9-BBA9-EA1D-6B231163093B}.Debug|Any CPU.ActiveCfg = Debug|Any CPU
		{8A851E79-B8B9-BBA9-EA1D-6B231163093B}.Debug|Any CPU.Build.0 = Debug|Any CPU
		{8A851E79-B8B9-BBA9-EA1D-6B231163093B}.Debug|x64.ActiveCfg = Debug|Any CPU
		{8A851E79-B8B9-BBA9-EA1D-6B231163093B}.Debug|x64.Build.0 = Debug|Any CPU
		{8A851E79-B8B9-BBA9-EA1D-6B231163093B}.Debug|x86.ActiveCfg = Debug|Any CPU
		{8A851E79-B8B9-BBA9-EA1D-6B231163093B}.Debug|x86.Build.0 = Debug|Any CPU
		{8A851E79-B8B9-BBA9-EA1D-6B231163093B}.Release|Any CPU.ActiveCfg = Release|Any CPU
		{8A851E79-B8B9-BBA9-EA1D-6B231163093B}.Release|Any CPU.Build.0 = Release|Any CPU
		{8A851E79-B8B9-BBA9-EA1D-6B231163093B}.Release|x64.ActiveCfg = Release|Any CPU
		{8A851E79-B8B9-BBA9-EA1D-6B231163093B}.Release|x64.Build.0 = Release|Any CPU
		{8A851E79-B8B9-BBA9-EA1D-6B231163093B}.Release|x86.ActiveCfg = Release|Any CPU
		{8A851E79-B8B9-BBA9-EA1D-6B231163093B}.Release|x86.Build.0 = Release|Any CPU
		{8A851E79-B8B9-BBA9-EA1D-6B231163093B}.TestWindows|Any CPU.ActiveCfg = TestWindows|Any CPU
		{8A851E79-B8B9-BBA9-EA1D-6B231163093B}.TestWindows|Any CPU.Build.0 = TestWindows|Any CPU
		{8A851E79-B8B9-BBA9-EA1D-6B231163093B}.TestWindows|x64.ActiveCfg = TestWindows|Any CPU
		{8A851E79-B8B9-BBA9-EA1D-6B231163093B}.TestWindows|x64.Build.0 = TestWindows|Any CPU
		{8A851E79-B8B9-BBA9-EA1D-6B231163093B}.TestWindows|x86.ActiveCfg = TestWindows|Any CPU
		{8A851E79-B8B9-BBA9-EA1D-6B231163093B}.TestWindows|x86.Build.0 = TestWindows|Any CPU
		{9980365E-926C-51CE-070A-FF18B33CD9F7}.Debug|Any CPU.ActiveCfg = Debug|Any CPU
		{9980365E-926C-51CE-070A-FF18B33CD9F7}.Debug|Any CPU.Build.0 = Debug|Any CPU
		{9980365E-926C-51CE-070A-FF18B33CD9F7}.Debug|x64.ActiveCfg = Debug|Any CPU
		{9980365E-926C-51CE-070A-FF18B33CD9F7}.Debug|x64.Build.0 = Debug|Any CPU
		{9980365E-926C-51CE-070A-FF18B33CD9F7}.Debug|x86.ActiveCfg = Debug|Any CPU
		{9980365E-926C-51CE-070A-FF18B33CD9F7}.Debug|x86.Build.0 = Debug|Any CPU
		{9980365E-926C-51CE-070A-FF18B33CD9F7}.Release|Any CPU.ActiveCfg = Release|Any CPU
		{9980365E-926C-51CE-070A-FF18B33CD9F7}.Release|Any CPU.Build.0 = Release|Any CPU
		{9980365E-926C-51CE-070A-FF18B33CD9F7}.Release|x64.ActiveCfg = Release|Any CPU
		{9980365E-926C-51CE-070A-FF18B33CD9F7}.Release|x64.Build.0 = Release|Any CPU
		{9980365E-926C-51CE-070A-FF18B33CD9F7}.Release|x86.ActiveCfg = Release|Any CPU
		{9980365E-926C-51CE-070A-FF18B33CD9F7}.Release|x86.Build.0 = Release|Any CPU
		{9980365E-926C-51CE-070A-FF18B33CD9F7}.TestWindows|Any CPU.ActiveCfg = TestWindows|Any CPU
		{9980365E-926C-51CE-070A-FF18B33CD9F7}.TestWindows|Any CPU.Build.0 = TestWindows|Any CPU
		{9980365E-926C-51CE-070A-FF18B33CD9F7}.TestWindows|x64.ActiveCfg = TestWindows|Any CPU
		{9980365E-926C-51CE-070A-FF18B33CD9F7}.TestWindows|x64.Build.0 = TestWindows|Any CPU
		{9980365E-926C-51CE-070A-FF18B33CD9F7}.TestWindows|x86.ActiveCfg = TestWindows|Any CPU
		{9980365E-926C-51CE-070A-FF18B33CD9F7}.TestWindows|x86.Build.0 = TestWindows|Any CPU
		{A76426B6-73B7-1983-06CF-E05E79341A1D}.Debug|Any CPU.ActiveCfg = Debug|Any CPU
		{A76426B6-73B7-1983-06CF-E05E79341A1D}.Debug|Any CPU.Build.0 = Debug|Any CPU
		{A76426B6-73B7-1983-06CF-E05E79341A1D}.Debug|x64.ActiveCfg = Debug|Any CPU
		{A76426B6-73B7-1983-06CF-E05E79341A1D}.Debug|x64.Build.0 = Debug|Any CPU
		{A76426B6-73B7-1983-06CF-E05E79341A1D}.Debug|x86.ActiveCfg = Debug|Any CPU
		{A76426B6-73B7-1983-06CF-E05E79341A1D}.Debug|x86.Build.0 = Debug|Any CPU
		{A76426B6-73B7-1983-06CF-E05E79341A1D}.Release|Any CPU.ActiveCfg = Release|Any CPU
		{A76426B6-73B7-1983-06CF-E05E79341A1D}.Release|Any CPU.Build.0 = Release|Any CPU
		{A76426B6-73B7-1983-06CF-E05E79341A1D}.Release|x64.ActiveCfg = Release|Any CPU
		{A76426B6-73B7-1983-06CF-E05E79341A1D}.Release|x64.Build.0 = Release|Any CPU
		{A76426B6-73B7-1983-06CF-E05E79341A1D}.Release|x86.ActiveCfg = Release|Any CPU
		{A76426B6-73B7-1983-06CF-E05E79341A1D}.Release|x86.Build.0 = Release|Any CPU
		{A76426B6-73B7-1983-06CF-E05E79341A1D}.TestWindows|Any CPU.ActiveCfg = TestWindows|Any CPU
		{A76426B6-73B7-1983-06CF-E05E79341A1D}.TestWindows|Any CPU.Build.0 = TestWindows|Any CPU
		{A76426B6-73B7-1983-06CF-E05E79341A1D}.TestWindows|x64.ActiveCfg = TestWindows|Any CPU
		{A76426B6-73B7-1983-06CF-E05E79341A1D}.TestWindows|x64.Build.0 = TestWindows|Any CPU
		{A76426B6-73B7-1983-06CF-E05E79341A1D}.TestWindows|x86.ActiveCfg = TestWindows|Any CPU
		{A76426B6-73B7-1983-06CF-E05E79341A1D}.TestWindows|x86.Build.0 = TestWindows|Any CPU
		{B6E9C64B-6AE3-A70C-5910-817FCEC7F962}.Debug|Any CPU.ActiveCfg = Debug|Any CPU
		{B6E9C64B-6AE3-A70C-5910-817FCEC7F962}.Debug|Any CPU.Build.0 = Debug|Any CPU
		{B6E9C64B-6AE3-A70C-5910-817FCEC7F962}.Debug|x64.ActiveCfg = Debug|Any CPU
		{B6E9C64B-6AE3-A70C-5910-817FCEC7F962}.Debug|x64.Build.0 = Debug|Any CPU
		{B6E9C64B-6AE3-A70C-5910-817FCEC7F962}.Debug|x86.ActiveCfg = Debug|Any CPU
		{B6E9C64B-6AE3-A70C-5910-817FCEC7F962}.Debug|x86.Build.0 = Debug|Any CPU
		{B6E9C64B-6AE3-A70C-5910-817FCEC7F962}.Release|Any CPU.ActiveCfg = Release|Any CPU
		{B6E9C64B-6AE3-A70C-5910-817FCEC7F962}.Release|Any CPU.Build.0 = Release|Any CPU
		{B6E9C64B-6AE3-A70C-5910-817FCEC7F962}.Release|x64.ActiveCfg = Release|Any CPU
		{B6E9C64B-6AE3-A70C-5910-817FCEC7F962}.Release|x64.Build.0 = Release|Any CPU
		{B6E9C64B-6AE3-A70C-5910-817FCEC7F962}.Release|x86.ActiveCfg = Release|Any CPU
		{B6E9C64B-6AE3-A70C-5910-817FCEC7F962}.Release|x86.Build.0 = Release|Any CPU
		{B6E9C64B-6AE3-A70C-5910-817FCEC7F962}.TestWindows|Any CPU.ActiveCfg = TestWindows|Any CPU
		{B6E9C64B-6AE3-A70C-5910-817FCEC7F962}.TestWindows|Any CPU.Build.0 = TestWindows|Any CPU
		{B6E9C64B-6AE3-A70C-5910-817FCEC7F962}.TestWindows|x64.ActiveCfg = TestWindows|Any CPU
		{B6E9C64B-6AE3-A70C-5910-817FCEC7F962}.TestWindows|x64.Build.0 = TestWindows|Any CPU
		{B6E9C64B-6AE3-A70C-5910-817FCEC7F962}.TestWindows|x86.ActiveCfg = TestWindows|Any CPU
		{B6E9C64B-6AE3-A70C-5910-817FCEC7F962}.TestWindows|x86.Build.0 = TestWindows|Any CPU
		{9B107A91-87F9-420C-ADF8-732C77DAFB93}.Debug|Any CPU.ActiveCfg = Debug|x64
		{9B107A91-87F9-420C-ADF8-732C77DAFB93}.Debug|x64.ActiveCfg = Debug|x64
		{9B107A91-87F9-420C-ADF8-732C77DAFB93}.Debug|x64.Build.0 = Debug|x64
		{9B107A91-87F9-420C-ADF8-732C77DAFB93}.Debug|x86.ActiveCfg = Debug|Win32
		{9B107A91-87F9-420C-ADF8-732C77DAFB93}.Debug|x86.Build.0 = Debug|Win32
		{9B107A91-87F9-420C-ADF8-732C77DAFB93}.Release|Any CPU.ActiveCfg = Release|x64
		{9B107A91-87F9-420C-ADF8-732C77DAFB93}.Release|x64.ActiveCfg = Release|x64
		{9B107A91-87F9-420C-ADF8-732C77DAFB93}.Release|x64.Build.0 = Release|x64
		{9B107A91-87F9-420C-ADF8-732C77DAFB93}.Release|x86.ActiveCfg = Release|Win32
		{9B107A91-87F9-420C-ADF8-732C77DAFB93}.Release|x86.Build.0 = Release|Win32
		{9B107A91-87F9-420C-ADF8-732C77DAFB93}.TestWindows|Any CPU.ActiveCfg = Release|x64
		{9B107A91-87F9-420C-ADF8-732C77DAFB93}.TestWindows|Any CPU.Build.0 = Release|x64
		{9B107A91-87F9-420C-ADF8-732C77DAFB93}.TestWindows|x64.ActiveCfg = Release|x64
		{9B107A91-87F9-420C-ADF8-732C77DAFB93}.TestWindows|x64.Build.0 = Release|x64
		{9B107A91-87F9-420C-ADF8-732C77DAFB93}.TestWindows|x86.ActiveCfg = Release|Win32
		{9B107A91-87F9-420C-ADF8-732C77DAFB93}.TestWindows|x86.Build.0 = Release|Win32
		{104B0802-1CCC-BF84-9CE0-3C91D99555A7}.Debug|Any CPU.ActiveCfg = Debug|Any CPU
		{104B0802-1CCC-BF84-9CE0-3C91D99555A7}.Debug|Any CPU.Build.0 = Debug|Any CPU
		{104B0802-1CCC-BF84-9CE0-3C91D99555A7}.Debug|x64.ActiveCfg = Debug|Any CPU
		{104B0802-1CCC-BF84-9CE0-3C91D99555A7}.Debug|x64.Build.0 = Debug|Any CPU
		{104B0802-1CCC-BF84-9CE0-3C91D99555A7}.Debug|x86.ActiveCfg = Debug|Any CPU
		{104B0802-1CCC-BF84-9CE0-3C91D99555A7}.Debug|x86.Build.0 = Debug|Any CPU
		{104B0802-1CCC-BF84-9CE0-3C91D99555A7}.Release|Any CPU.ActiveCfg = Release|Any CPU
		{104B0802-1CCC-BF84-9CE0-3C91D99555A7}.Release|Any CPU.Build.0 = Release|Any CPU
		{104B0802-1CCC-BF84-9CE0-3C91D99555A7}.Release|x64.ActiveCfg = Release|Any CPU
		{104B0802-1CCC-BF84-9CE0-3C91D99555A7}.Release|x64.Build.0 = Release|Any CPU
		{104B0802-1CCC-BF84-9CE0-3C91D99555A7}.Release|x86.ActiveCfg = Release|Any CPU
		{104B0802-1CCC-BF84-9CE0-3C91D99555A7}.Release|x86.Build.0 = Release|Any CPU
		{104B0802-1CCC-BF84-9CE0-3C91D99555A7}.TestWindows|Any CPU.ActiveCfg = Release|Any CPU
		{104B0802-1CCC-BF84-9CE0-3C91D99555A7}.TestWindows|Any CPU.Build.0 = Release|Any CPU
		{104B0802-1CCC-BF84-9CE0-3C91D99555A7}.TestWindows|x64.ActiveCfg = Release|Any CPU
		{104B0802-1CCC-BF84-9CE0-3C91D99555A7}.TestWindows|x64.Build.0 = Release|Any CPU
		{104B0802-1CCC-BF84-9CE0-3C91D99555A7}.TestWindows|x86.ActiveCfg = Release|Any CPU
		{104B0802-1CCC-BF84-9CE0-3C91D99555A7}.TestWindows|x86.Build.0 = Release|Any CPU
		{F6A594E4-7929-2823-C907-C31439197DB4}.Debug|Any CPU.ActiveCfg = Debug|Any CPU
		{F6A594E4-7929-2823-C907-C31439197DB4}.Debug|Any CPU.Build.0 = Debug|Any CPU
		{F6A594E4-7929-2823-C907-C31439197DB4}.Debug|x64.ActiveCfg = Debug|Any CPU
		{F6A594E4-7929-2823-C907-C31439197DB4}.Debug|x64.Build.0 = Debug|Any CPU
		{F6A594E4-7929-2823-C907-C31439197DB4}.Debug|x86.ActiveCfg = Debug|Any CPU
		{F6A594E4-7929-2823-C907-C31439197DB4}.Debug|x86.Build.0 = Debug|Any CPU
		{F6A594E4-7929-2823-C907-C31439197DB4}.Release|Any CPU.ActiveCfg = Release|Any CPU
		{F6A594E4-7929-2823-C907-C31439197DB4}.Release|Any CPU.Build.0 = Release|Any CPU
		{F6A594E4-7929-2823-C907-C31439197DB4}.Release|x64.ActiveCfg = Release|Any CPU
		{F6A594E4-7929-2823-C907-C31439197DB4}.Release|x64.Build.0 = Release|Any CPU
		{F6A594E4-7929-2823-C907-C31439197DB4}.Release|x86.ActiveCfg = Release|Any CPU
		{F6A594E4-7929-2823-C907-C31439197DB4}.Release|x86.Build.0 = Release|Any CPU
		{F6A594E4-7929-2823-C907-C31439197DB4}.TestWindows|Any CPU.ActiveCfg = TestWindows|Any CPU
		{F6A594E4-7929-2823-C907-C31439197DB4}.TestWindows|Any CPU.Build.0 = TestWindows|Any CPU
		{F6A594E4-7929-2823-C907-C31439197DB4}.TestWindows|x64.ActiveCfg = TestWindows|Any CPU
		{F6A594E4-7929-2823-C907-C31439197DB4}.TestWindows|x64.Build.0 = TestWindows|Any CPU
		{F6A594E4-7929-2823-C907-C31439197DB4}.TestWindows|x86.ActiveCfg = TestWindows|Any CPU
		{F6A594E4-7929-2823-C907-C31439197DB4}.TestWindows|x86.Build.0 = TestWindows|Any CPU
		{BBB24A05-8A1F-4840-8C70-BEFE3F0B8F5D}.Debug|Any CPU.ActiveCfg = Debug|Any CPU
		{BBB24A05-8A1F-4840-8C70-BEFE3F0B8F5D}.Debug|x64.ActiveCfg = Debug|Any CPU
		{BBB24A05-8A1F-4840-8C70-BEFE3F0B8F5D}.Debug|x64.Build.0 = Debug|Any CPU
		{BBB24A05-8A1F-4840-8C70-BEFE3F0B8F5D}.Debug|x86.ActiveCfg = Debug|Any CPU
		{BBB24A05-8A1F-4840-8C70-BEFE3F0B8F5D}.Debug|x86.Build.0 = Debug|Any CPU
		{BBB24A05-8A1F-4840-8C70-BEFE3F0B8F5D}.Release|Any CPU.ActiveCfg = Release|Any CPU
		{BBB24A05-8A1F-4840-8C70-BEFE3F0B8F5D}.Release|x64.ActiveCfg = Release|Any CPU
		{BBB24A05-8A1F-4840-8C70-BEFE3F0B8F5D}.Release|x64.Build.0 = Release|Any CPU
		{BBB24A05-8A1F-4840-8C70-BEFE3F0B8F5D}.Release|x86.ActiveCfg = Release|Any CPU
		{BBB24A05-8A1F-4840-8C70-BEFE3F0B8F5D}.Release|x86.Build.0 = Release|Any CPU
		{BBB24A05-8A1F-4840-8C70-BEFE3F0B8F5D}.TestWindows|Any CPU.ActiveCfg = TestWindows|Any CPU
		{BBB24A05-8A1F-4840-8C70-BEFE3F0B8F5D}.TestWindows|Any CPU.Build.0 = TestWindows|Any CPU
		{BBB24A05-8A1F-4840-8C70-BEFE3F0B8F5D}.TestWindows|x64.ActiveCfg = TestWindows|Any CPU
		{BBB24A05-8A1F-4840-8C70-BEFE3F0B8F5D}.TestWindows|x64.Build.0 = TestWindows|Any CPU
		{BBB24A05-8A1F-4840-8C70-BEFE3F0B8F5D}.TestWindows|x86.ActiveCfg = TestWindows|Any CPU
		{BBB24A05-8A1F-4840-8C70-BEFE3F0B8F5D}.TestWindows|x86.Build.0 = TestWindows|Any CPU
		{665F6812-BD66-D32D-2F22-B1EC6C5D1F75}.Debug|Any CPU.ActiveCfg = Debug|Any CPU
		{665F6812-BD66-D32D-2F22-B1EC6C5D1F75}.Debug|Any CPU.Build.0 = Debug|Any CPU
		{665F6812-BD66-D32D-2F22-B1EC6C5D1F75}.Debug|x64.ActiveCfg = Debug|Any CPU
		{665F6812-BD66-D32D-2F22-B1EC6C5D1F75}.Debug|x64.Build.0 = Debug|Any CPU
		{665F6812-BD66-D32D-2F22-B1EC6C5D1F75}.Debug|x86.ActiveCfg = Debug|Any CPU
		{665F6812-BD66-D32D-2F22-B1EC6C5D1F75}.Debug|x86.Build.0 = Debug|Any CPU
		{665F6812-BD66-D32D-2F22-B1EC6C5D1F75}.Release|Any CPU.ActiveCfg = Release|Any CPU
		{665F6812-BD66-D32D-2F22-B1EC6C5D1F75}.Release|Any CPU.Build.0 = Release|Any CPU
		{665F6812-BD66-D32D-2F22-B1EC6C5D1F75}.Release|x64.ActiveCfg = Release|Any CPU
		{665F6812-BD66-D32D-2F22-B1EC6C5D1F75}.Release|x64.Build.0 = Release|Any CPU
		{665F6812-BD66-D32D-2F22-B1EC6C5D1F75}.Release|x86.ActiveCfg = Release|Any CPU
		{665F6812-BD66-D32D-2F22-B1EC6C5D1F75}.Release|x86.Build.0 = Release|Any CPU
		{665F6812-BD66-D32D-2F22-B1EC6C5D1F75}.TestWindows|Any CPU.ActiveCfg = TestWindows|Any CPU
		{665F6812-BD66-D32D-2F22-B1EC6C5D1F75}.TestWindows|Any CPU.Build.0 = TestWindows|Any CPU
		{665F6812-BD66-D32D-2F22-B1EC6C5D1F75}.TestWindows|x64.ActiveCfg = TestWindows|Any CPU
		{665F6812-BD66-D32D-2F22-B1EC6C5D1F75}.TestWindows|x64.Build.0 = TestWindows|Any CPU
		{665F6812-BD66-D32D-2F22-B1EC6C5D1F75}.TestWindows|x86.ActiveCfg = TestWindows|Any CPU
		{665F6812-BD66-D32D-2F22-B1EC6C5D1F75}.TestWindows|x86.Build.0 = TestWindows|Any CPU
		{2FABC52B-5F4E-F5B9-3E23-442FD0712103}.Debug|Any CPU.ActiveCfg = Debug|Any CPU
		{2FABC52B-5F4E-F5B9-3E23-442FD0712103}.Debug|Any CPU.Build.0 = Debug|Any CPU
		{2FABC52B-5F4E-F5B9-3E23-442FD0712103}.Debug|x64.ActiveCfg = Debug|Any CPU
		{2FABC52B-5F4E-F5B9-3E23-442FD0712103}.Debug|x64.Build.0 = Debug|Any CPU
		{2FABC52B-5F4E-F5B9-3E23-442FD0712103}.Debug|x86.ActiveCfg = Debug|Any CPU
		{2FABC52B-5F4E-F5B9-3E23-442FD0712103}.Debug|x86.Build.0 = Debug|Any CPU
		{2FABC52B-5F4E-F5B9-3E23-442FD0712103}.Release|Any CPU.ActiveCfg = Release|Any CPU
		{2FABC52B-5F4E-F5B9-3E23-442FD0712103}.Release|Any CPU.Build.0 = Release|Any CPU
		{2FABC52B-5F4E-F5B9-3E23-442FD0712103}.Release|x64.ActiveCfg = Release|Any CPU
		{2FABC52B-5F4E-F5B9-3E23-442FD0712103}.Release|x64.Build.0 = Release|Any CPU
		{2FABC52B-5F4E-F5B9-3E23-442FD0712103}.Release|x86.ActiveCfg = Release|Any CPU
		{2FABC52B-5F4E-F5B9-3E23-442FD0712103}.Release|x86.Build.0 = Release|Any CPU
		{2FABC52B-5F4E-F5B9-3E23-442FD0712103}.TestWindows|Any CPU.ActiveCfg = TestWindows|Any CPU
		{2FABC52B-5F4E-F5B9-3E23-442FD0712103}.TestWindows|Any CPU.Build.0 = TestWindows|Any CPU
		{2FABC52B-5F4E-F5B9-3E23-442FD0712103}.TestWindows|x64.ActiveCfg = TestWindows|Any CPU
		{2FABC52B-5F4E-F5B9-3E23-442FD0712103}.TestWindows|x64.Build.0 = TestWindows|Any CPU
		{2FABC52B-5F4E-F5B9-3E23-442FD0712103}.TestWindows|x86.ActiveCfg = TestWindows|Any CPU
		{2FABC52B-5F4E-F5B9-3E23-442FD0712103}.TestWindows|x86.Build.0 = TestWindows|Any CPU
		{21A22820-62B5-C46F-D3F6-3C63D0304C8B}.Debug|Any CPU.ActiveCfg = Debug|Any CPU
		{21A22820-62B5-C46F-D3F6-3C63D0304C8B}.Debug|Any CPU.Build.0 = Debug|Any CPU
		{21A22820-62B5-C46F-D3F6-3C63D0304C8B}.Debug|x64.ActiveCfg = Debug|Any CPU
		{21A22820-62B5-C46F-D3F6-3C63D0304C8B}.Debug|x64.Build.0 = Debug|Any CPU
		{21A22820-62B5-C46F-D3F6-3C63D0304C8B}.Debug|x86.ActiveCfg = Debug|Any CPU
		{21A22820-62B5-C46F-D3F6-3C63D0304C8B}.Debug|x86.Build.0 = Debug|Any CPU
		{21A22820-62B5-C46F-D3F6-3C63D0304C8B}.Release|Any CPU.ActiveCfg = Release|Any CPU
		{21A22820-62B5-C46F-D3F6-3C63D0304C8B}.Release|Any CPU.Build.0 = Release|Any CPU
		{21A22820-62B5-C46F-D3F6-3C63D0304C8B}.Release|x64.ActiveCfg = Release|Any CPU
		{21A22820-62B5-C46F-D3F6-3C63D0304C8B}.Release|x64.Build.0 = Release|Any CPU
		{21A22820-62B5-C46F-D3F6-3C63D0304C8B}.Release|x86.ActiveCfg = Release|Any CPU
		{21A22820-62B5-C46F-D3F6-3C63D0304C8B}.Release|x86.Build.0 = Release|Any CPU
		{21A22820-62B5-C46F-D3F6-3C63D0304C8B}.TestWindows|Any CPU.ActiveCfg = TestWindows|Any CPU
		{21A22820-62B5-C46F-D3F6-3C63D0304C8B}.TestWindows|Any CPU.Build.0 = TestWindows|Any CPU
		{21A22820-62B5-C46F-D3F6-3C63D0304C8B}.TestWindows|x64.ActiveCfg = TestWindows|Any CPU
		{21A22820-62B5-C46F-D3F6-3C63D0304C8B}.TestWindows|x64.Build.0 = TestWindows|Any CPU
		{21A22820-62B5-C46F-D3F6-3C63D0304C8B}.TestWindows|x86.ActiveCfg = TestWindows|Any CPU
		{21A22820-62B5-C46F-D3F6-3C63D0304C8B}.TestWindows|x86.Build.0 = TestWindows|Any CPU
		{380FBD90-2CF0-4F83-A58E-EB98CE2EAE15}.Debug|Any CPU.ActiveCfg = Debug|x64
		{380FBD90-2CF0-4F83-A58E-EB98CE2EAE15}.Debug|x64.ActiveCfg = Debug|x64
		{380FBD90-2CF0-4F83-A58E-EB98CE2EAE15}.Debug|x64.Build.0 = Debug|x64
		{380FBD90-2CF0-4F83-A58E-EB98CE2EAE15}.Debug|x86.ActiveCfg = Debug|Win32
		{380FBD90-2CF0-4F83-A58E-EB98CE2EAE15}.Debug|x86.Build.0 = Debug|Win32
		{380FBD90-2CF0-4F83-A58E-EB98CE2EAE15}.Release|Any CPU.ActiveCfg = Release|x64
		{380FBD90-2CF0-4F83-A58E-EB98CE2EAE15}.Release|x64.ActiveCfg = Release|x64
		{380FBD90-2CF0-4F83-A58E-EB98CE2EAE15}.Release|x64.Build.0 = Release|x64
		{380FBD90-2CF0-4F83-A58E-EB98CE2EAE15}.Release|x86.ActiveCfg = Release|Win32
		{380FBD90-2CF0-4F83-A58E-EB98CE2EAE15}.Release|x86.Build.0 = Release|Win32
		{380FBD90-2CF0-4F83-A58E-EB98CE2EAE15}.TestWindows|Any CPU.ActiveCfg = Release|x64
		{380FBD90-2CF0-4F83-A58E-EB98CE2EAE15}.TestWindows|Any CPU.Build.0 = Release|x64
		{380FBD90-2CF0-4F83-A58E-EB98CE2EAE15}.TestWindows|x64.ActiveCfg = Release|x64
		{380FBD90-2CF0-4F83-A58E-EB98CE2EAE15}.TestWindows|x64.Build.0 = Release|x64
		{380FBD90-2CF0-4F83-A58E-EB98CE2EAE15}.TestWindows|x86.ActiveCfg = Release|Win32
		{380FBD90-2CF0-4F83-A58E-EB98CE2EAE15}.TestWindows|x86.Build.0 = Release|Win32
		{FCE3A417-4316-7F84-E4CD-52B61EF13BA0}.Debug|Any CPU.ActiveCfg = Debug|Any CPU
		{FCE3A417-4316-7F84-E4CD-52B61EF13BA0}.Debug|Any CPU.Build.0 = Debug|Any CPU
		{FCE3A417-4316-7F84-E4CD-52B61EF13BA0}.Debug|x64.ActiveCfg = Debug|Any CPU
		{FCE3A417-4316-7F84-E4CD-52B61EF13BA0}.Debug|x64.Build.0 = Debug|Any CPU
		{FCE3A417-4316-7F84-E4CD-52B61EF13BA0}.Debug|x86.ActiveCfg = Debug|Any CPU
		{FCE3A417-4316-7F84-E4CD-52B61EF13BA0}.Debug|x86.Build.0 = Debug|Any CPU
		{FCE3A417-4316-7F84-E4CD-52B61EF13BA0}.Release|Any CPU.ActiveCfg = Release|Any CPU
		{FCE3A417-4316-7F84-E4CD-52B61EF13BA0}.Release|Any CPU.Build.0 = Release|Any CPU
		{FCE3A417-4316-7F84-E4CD-52B61EF13BA0}.Release|x64.ActiveCfg = Release|Any CPU
		{FCE3A417-4316-7F84-E4CD-52B61EF13BA0}.Release|x64.Build.0 = Release|Any CPU
		{FCE3A417-4316-7F84-E4CD-52B61EF13BA0}.Release|x86.ActiveCfg = Release|Any CPU
		{FCE3A417-4316-7F84-E4CD-52B61EF13BA0}.Release|x86.Build.0 = Release|Any CPU
		{FCE3A417-4316-7F84-E4CD-52B61EF13BA0}.TestWindows|Any CPU.ActiveCfg = Debug|Any CPU
		{FCE3A417-4316-7F84-E4CD-52B61EF13BA0}.TestWindows|Any CPU.Build.0 = Debug|Any CPU
		{FCE3A417-4316-7F84-E4CD-52B61EF13BA0}.TestWindows|x64.ActiveCfg = Debug|Any CPU
		{FCE3A417-4316-7F84-E4CD-52B61EF13BA0}.TestWindows|x64.Build.0 = Debug|Any CPU
		{FCE3A417-4316-7F84-E4CD-52B61EF13BA0}.TestWindows|x86.ActiveCfg = Debug|Any CPU
		{FCE3A417-4316-7F84-E4CD-52B61EF13BA0}.TestWindows|x86.Build.0 = Debug|Any CPU
	EndGlobalSection
	GlobalSection(SolutionProperties) = preSolution
		HideSolutionNode = FALSE
	EndGlobalSection
	GlobalSection(NestedProjects) = preSolution
		{9004D472-6B17-255F-9BBE-3315532D92B4} = {823D4020-332D-2C13-F261-6F510F11A57E}
		{6B439AB8-DF75-4C55-A61C-E9D6A39AA744} = {823D4020-332D-2C13-F261-6F510F11A57E}
		{70DA7262-B953-F20A-B58A-FA9EB7AF849B} = {823D4020-332D-2C13-F261-6F510F11A57E}
		{8F1DD9CC-60FE-9363-1191-381423A51517} = {827E0CD3-B72D-47B6-A68D-7590B98EB39B}
		{FF734A3F-B1D2-D1FD-6B2E-88E23893CC8A} = {827E0CD3-B72D-47B6-A68D-7590B98EB39B}
		{AB5996CA-7552-666C-E440-B6261EED9A89} = {827E0CD3-B72D-47B6-A68D-7590B98EB39B}
		{909D242D-BF2E-BAF6-C034-DDB704A65D46} = {827E0CD3-B72D-47B6-A68D-7590B98EB39B}
		{A277004A-4E9D-4E7A-8270-5DF72B44A426} = {827E0CD3-B72D-47B6-A68D-7590B98EB39B}
		{A0E0D347-8BEE-0177-815B-4045469F442C} = {0AB3BF05-4346-4AA6-1389-037BE0695223}
		{8A851E79-B8B9-BBA9-EA1D-6B231163093B} = {0AB3BF05-4346-4AA6-1389-037BE0695223}
		{9980365E-926C-51CE-070A-FF18B33CD9F7} = {0AB3BF05-4346-4AA6-1389-037BE0695223}
		{A76426B6-73B7-1983-06CF-E05E79341A1D} = {0AB3BF05-4346-4AA6-1389-037BE0695223}
		{B6E9C64B-6AE3-A70C-5910-817FCEC7F962} = {0AB3BF05-4346-4AA6-1389-037BE0695223}
		{B4C66CBD-571F-0685-D8EF-97E576F878C9} = {0AB3BF05-4346-4AA6-1389-037BE0695223}
		{9B107A91-87F9-420C-ADF8-732C77DAFB93} = {B4C66CBD-571F-0685-D8EF-97E576F878C9}
		{104B0802-1CCC-BF84-9CE0-3C91D99555A7} = {B4C66CBD-571F-0685-D8EF-97E576F878C9}
		{F6A594E4-7929-2823-C907-C31439197DB4} = {B4C66CBD-571F-0685-D8EF-97E576F878C9}
		{BBB24A05-8A1F-4840-8C70-BEFE3F0B8F5D} = {B4C66CBD-571F-0685-D8EF-97E576F878C9}
		{665F6812-BD66-D32D-2F22-B1EC6C5D1F75} = {B4C66CBD-571F-0685-D8EF-97E576F878C9}
		{2FABC52B-5F4E-F5B9-3E23-442FD0712103} = {B4C66CBD-571F-0685-D8EF-97E576F878C9}
		{21A22820-62B5-C46F-D3F6-3C63D0304C8B} = {B4C66CBD-571F-0685-D8EF-97E576F878C9}
		{380FBD90-2CF0-4F83-A58E-EB98CE2EAE15} = {B4C66CBD-571F-0685-D8EF-97E576F878C9}
		{FCE3A417-4316-7F84-E4CD-52B61EF13BA0} = {B4C66CBD-571F-0685-D8EF-97E576F878C9}
	EndGlobalSection
	GlobalSection(ExtensibilityGlobals) = postSolution
		SolutionGuid = {0BB21054-E3E0-474D-8369-D8B9DC2BE9B0}
	EndGlobalSection
EndGlobal
